
Microsoft Visual Studio Solution File, Format Version 10.00
# Visual Studio 2008
Project("{FAE04EC0-301F-11D3-BF4B-00C04F79EFBC}") = "CircleCircumferenceLength", "CircleCircumferenceLength\CircleCircumferenceLength.csproj", "{DE403FB3-71BB-4410-9262-B5DF5BCA4091}"
EndProject
Global
	GlobalSection(SolutionConfigurationPlatforms) = preSolution
		Debug|Any CPU = Debug|Any CPU
		Release|Any CPU = Release|Any CPU
	EndGlobalSection
	GlobalSection(ProjectConfigurationPlatforms) = postSolution
		{DE403FB3-71BB-4410-9262-B5DF5BCA4091}.Debug|Any CPU.ActiveCfg = Debug|Any CPU
		{DE403FB3-71BB-4410-9262-B5DF5BCA4091}.Debug|Any CPU.Build.0 = Debug|Any CPU
		{DE403FB3-71BB-4410-9262-B5DF5BCA4091}.Release|Any CPU.ActiveCfg = Release|Any CPU
		{DE403FB3-71BB-4410-9262-B5DF5BCA4091}.Release|Any CPU.Build.0 = Release|Any CPU
	EndGlobalSection
	GlobalSection(SolutionProperties) = preSolution
		HideSolutionNode = FALSE
	EndGlobalSection
EndGlobal
