
Microsoft Visual Studio Solution File, Format Version 10.00
# Visual Studio 2008
Project("{FAE04EC0-301F-11D3-BF4B-00C04F79EFBC}") = "GetToPost_Before", "GetToPost\GetToPost_Before.csproj", "{903EDCE6-16DC-4A62-840C-9BE9E437AE3B}"
EndProject
Global
	GlobalSection(SolutionConfigurationPlatforms) = preSolution
		Debug|Any CPU = Debug|Any CPU
		Release|Any CPU = Release|Any CPU
	EndGlobalSection
	GlobalSection(ProjectConfigurationPlatforms) = postSolution
		{903EDCE6-16DC-4A62-840C-9BE9E437AE3B}.Debug|Any CPU.ActiveCfg = Debug|Any CPU
		{903EDCE6-16DC-4A62-840C-9BE9E437AE3B}.Debug|Any CPU.Build.0 = Debug|Any CPU
		{903EDCE6-16DC-4A62-840C-9BE9E437AE3B}.Release|Any CPU.ActiveCfg = Release|Any CPU
		{903EDCE6-16DC-4A62-840C-9BE9E437AE3B}.Release|Any CPU.Build.0 = Release|Any CPU
	EndGlobalSection
	GlobalSection(SolutionProperties) = preSolution
		HideSolutionNode = FALSE
	EndGlobalSection
EndGlobal
