
Microsoft Visual Studio Solution File, Format Version 10.00
# Visual Studio 2008
Project("{FAE04EC0-301F-11D3-BF4B-00C04F79EFBC}") = "ExtensionMethods", "ExtensionMethods\ExtensionMethods.csproj", "{5296E05B-D330-4876-8021-5E5455894434}"
EndProject
Global
	GlobalSection(SolutionConfigurationPlatforms) = preSolution
		Debug|Any CPU = Debug|Any CPU
		Release|Any CPU = Release|Any CPU
	EndGlobalSection
	GlobalSection(ProjectConfigurationPlatforms) = postSolution
		{5296E05B-D330-4876-8021-5E5455894434}.Debug|Any CPU.ActiveCfg = Debug|Any CPU
		{5296E05B-D330-4876-8021-5E5455894434}.Debug|Any CPU.Build.0 = Debug|Any CPU
		{5296E05B-D330-4876-8021-5E5455894434}.Release|Any CPU.ActiveCfg = Release|Any CPU
		{5296E05B-D330-4876-8021-5E5455894434}.Release|Any CPU.Build.0 = Release|Any CPU
	EndGlobalSection
	GlobalSection(SolutionProperties) = preSolution
		HideSolutionNode = FALSE
	EndGlobalSection
EndGlobal
